
Microsoft Visual Studio Solution File, Format Version 12.00
# Visual Studio Version 17
VisualStudioVersion = 17.14.36221.1 d17.14
MinimumVisualStudioVersion = 10.0.40219.1
Project("{FAE04EC0-301F-11D3-BF4B-00C04F79EFBC}") = "9.3.2026", "9.3.2026\9.3.2026.csproj", "{F08DAB26-6F27-4E6F-BDE5-2843A68006FE}"
EndProject
Global
	GlobalSection(SolutionConfigurationPlatforms) = preSolution
		Debug|Any CPU = Debug|Any CPU
		Release|Any CPU = Release|Any CPU
	EndGlobalSection
	GlobalSection(ProjectConfigurationPlatforms) = postSolution
		{F08DAB26-6F27-4E6F-BDE5-2843A68006FE}.Debug|Any CPU.ActiveCfg = Debug|Any CPU
		{F08DAB26-6F27-4E6F-BDE5-2843A68006FE}.Debug|Any CPU.Build.0 = Debug|Any CPU
		{F08DAB26-6F27-4E6F-BDE5-2843A68006FE}.Release|Any CPU.ActiveCfg = Release|Any CPU
		{F08DAB26-6F27-4E6F-BDE5-2843A68006FE}.Release|Any CPU.Build.0 = Release|Any CPU
	EndGlobalSection
	GlobalSection(SolutionProperties) = preSolution
		HideSolutionNode = FALSE
	EndGlobalSection
	GlobalSection(ExtensibilityGlobals) = postSolution
		SolutionGuid = {5ABCAB56-8E55-4F77-B101-CF4983463519}
	EndGlobalSection
EndGlobal
